
Microsoft Visual Studio Solution File, Format Version 12.00
# Visual Studio Version 17
VisualStudioVersion = 17.14.36414.22 d17.14
MinimumVisualStudioVersion = 10.0.40219.1
Project("{FAE04EC0-301F-11D3-BF4B-00C04F79EFBC}") = "p511-oop", "p511-oop.csproj", "{EF16043A-1B8F-463C-BDE2-88106BC99D44}"
EndProject
Global
	GlobalSection(SolutionConfigurationPlatforms) = preSolution
		Debug|Any CPU = Debug|Any CPU
		Release|Any CPU = Release|Any CPU
	EndGlobalSection
	GlobalSection(ProjectConfigurationPlatforms) = postSolution
		{EF16043A-1B8F-463C-BDE2-88106BC99D44}.Debug|Any CPU.ActiveCfg = Debug|Any CPU
		{EF16043A-1B8F-463C-BDE2-88106BC99D44}.Debug|Any CPU.Build.0 = Debug|Any CPU
		{EF16043A-1B8F-463C-BDE2-88106BC99D44}.Release|Any CPU.ActiveCfg = Release|Any CPU
		{EF16043A-1B8F-463C-BDE2-88106BC99D44}.Release|Any CPU.Build.0 = Release|Any CPU
	EndGlobalSection
	GlobalSection(SolutionProperties) = preSolution
		HideSolutionNode = FALSE
	EndGlobalSection
	GlobalSection(ExtensibilityGlobals) = postSolution
		SolutionGuid = {E51F2BAB-4ECB-479F-9A16-9672A466F771}
	EndGlobalSection
EndGlobal
